
Microsoft Visual Studio Solution File, Format Version 11.00
# Visual Studio 2010
Project("{FAE04EC0-301F-11D3-BF4B-00C04F79EFBC}") = "Assembly-CSharp", "Assembly-CSharp.csproj", "{865c5461-cceb-f8da-487a-2340aab24d4f}"
EndProject
Project("{FAE04EC0-301F-11D3-BF4B-00C04F79EFBC}") = "Assembly-CSharp-Editor", "Assembly-CSharp-Editor.csproj", "{3061524a-5e51-06d8-067f-f699914843f9}"
EndProject
Global
	GlobalSection(SolutionConfigurationPlatforms) = preSolution
		Debug|Any CPU = Debug|Any CPU
	EndGlobalSection
	GlobalSection(ProjectConfigurationPlatforms) = postSolution
		{865c5461-cceb-f8da-487a-2340aab24d4f}.Debug|Any CPU.ActiveCfg = Debug|Any CPU
		{865c5461-cceb-f8da-487a-2340aab24d4f}.Debug|Any CPU.Build.0 = Debug|Any CPU
		{3061524a-5e51-06d8-067f-f699914843f9}.Debug|Any CPU.ActiveCfg = Debug|Any CPU
		{3061524a-5e51-06d8-067f-f699914843f9}.Debug|Any CPU.Build.0 = Debug|Any CPU
	EndGlobalSection
	GlobalSection(SolutionProperties) = preSolution
		HideSolutionNode = FALSE
	EndGlobalSection
EndGlobal
